// !$*UTF8*$!
{
	archiveVersion = 1;
	classes = {
	};
	objectVersion = 77;
	objects = {

/* Begin PBXContainerItemProxy section */
		813FB4462D0381CA007FB822 /* PBXContainerItemProxy */ = {
			isa = PBXContainerItemProxy;
			containerPortal = 813FB42D2D0381C9007FB822 /* Project object */;
			proxyType = 1;
			remoteGlobalIDString = 813FB4342D0381C9007FB822;
			remoteInfo = felipefirstapp;
		};
		813FB4502D0381CA007FB822 /* PBXContainerItemProxy */ = {
			isa = PBXContainerItemProxy;
			containerPortal = 813FB42D2D0381C9007FB822 /* Project object */;
			proxyType = 1;
			remoteGlobalIDString = 813FB4342D0381C9007FB822;
			remoteInfo = felipefirstapp;
		};
/* End PBXContainerItemProxy section */

/* Begin PBXFileReference section */
		813FB4352D0381C9007FB822 /* felipefirstapp.app */ = {isa = PBXFileReference; explicitFileType = wrapper.application; includeInIndex = 0; path = felipefirstapp.app; sourceTree = BUILT_PRODUCTS_DIR; };
		813FB4452D0381CA007FB822 /* felipefirstappTests.xctest */ = {isa = PBXFileReference; explicitFileType = wrapper.cfbundle; includeInIndex = 0; path = felipefirstappTests.xctest; sourceTree = BUILT_PRODUCTS_DIR; };
		813FB44F2D0381CA007FB822 /* felipefirstappUITests.xctest */ = {isa = PBXFileReference; explicitFileType = wrapper.cfbundle; includeInIndex = 0; path = felipefirstappUITests.xctest; sourceTree = BUILT_PRODUCTS_DIR; };
/* End PBXFileReference section */

/* Begin PBXFileSystemSynchronizedRootGroup section */
		813FB4372D0381C9007FB822 /* felipefirstapp */ = {
			isa = PBXFileSystemSynchronizedRootGroup;
			path = felipefirstapp;
			sourceTree = "<group>";
		};
		813FB4482D0381CA007FB822 /* felipefirstappTests */ = {
			isa = PBXFileSystemSynchronizedRootGroup;
			path = felipefirstappTests;
			sourceTree = "<group>";
		};
		813FB4522D0381CA007FB822 /* felipefirstappUITests */ = {
			isa = PBXFileSystemSynchronizedRootGroup;
			path = felipefirstappUITests;
			sourceTree = "<group>";
		};
/* End PBXFileSystemSynchronizedRootGroup section */

/* Begin PBXFrameworksBuildPhase section */
		813FB4322D0381C9007FB822 /* Frameworks */ = {
			isa = PBXFrameworksBuildPhase;
			buildActionMask = 2147483647;
			files = (
			);
			runOnlyForDeploymentPostprocessing = 0;
		};
		813FB4422D0381CA007FB822 /* Frameworks */ = {
			isa = PBXFrameworksBuildPhase;
			buildActionMask = 2147483647;
			files = (
			);
			runOnlyForDeploymentPostprocessing = 0;
		};
		813FB44C2D0381CA007FB822 /* Frameworks */ = {
			isa = PBXFrameworksBuildPhase;
			buildActionMask = 2147483647;
			files = (
			);
			runOnlyForDeploymentPostprocessing = 0;
		};
/* End PBXFrameworksBuildPhase section */

/* Begin PBXGroup section */
		813FB42C2D0381C9007FB822 = {
			isa = PBXGroup;
			children = (
				813FB4372D0381C9007FB822 /* felipefirstapp */,
				813FB4482D0381CA007FB822 /* felipefirstappTests */,
				813FB4522D0381CA007FB822 /* felipefirstappUITests */,
				813FB4362D0381C9007FB822 /* Products */,
			);
			sourceTree = "<group>";
		};
		813FB4362D0381C9007FB822 /* Products */ = {
			isa = PBXGroup;
			children = (
				813FB4352D0381C9007FB822 /* felipefirstapp.app */,
				813FB4452D0381CA007FB822 /* felipefirstappTests.xctest */,
				813FB44F2D0381CA007FB822 /* felipefirstappUITests.xctest */,
			);
			name = Products;
			sourceTree = "<group>";
		};
/* End PBXGroup section */

/* Begin PBXNativeTarget section */
		813FB4342D0381C9007FB822 /* felipefirstapp */ = {
			isa = PBXNativeTarget;
			buildConfigurationList = 813FB4592D0381CA007FB822 /* Build configuration list for PBXNativeTarget "felipefirstapp" */;
			buildPhases = (
				813FB4312D0381C9007FB822 /* Sources */,
				813FB4322D0381C9007FB822 /* Frameworks */,
				813FB4332D0381C9007FB822 /* Resources */,
			);
			buildRules = (
			);
			dependencies = (
			);
			fileSystemSynchronizedGroups = (
				813FB4372D0381C9007FB822 /* felipefirstapp */,
			);
			name = felipefirstapp;
			packageProductDependencies = (
			);
			productName = felipefirstapp;
			productReference = 813FB4352D0381C9007FB822 /* felipefirstapp.app */;
			productType = "com.apple.product-type.application";
		};
		813FB4442D0381CA007FB822 /* felipefirstappTests */ = {
			isa = PBXNativeTarget;
			buildConfigurationList = 813FB45C2D0381CA007FB822 /* Build configuration list for PBXNativeTarget "felipefirstappTests" */;
			buildPhases = (
				813FB4412D0381CA007FB822 /* Sources */,
				813FB4422D0381CA007FB822 /* Frameworks */,
				813FB4432D0381CA007FB822 /* Resources */,
			);
			buildRules = (
			);
			dependencies = (
				813FB4472D0381CA007FB822 /* PBXTargetDependency */,
			);
			fileSystemSynchronizedGroups = (
				813FB4482D0381CA007FB822 /* felipefirstappTests */,
			);
			name = felipefirstappTests;
			packageProductDependencies = (
			);
			productName = felipefirstappTests;
			productReference = 813FB4452D0381CA007FB822 /* felipefirstappTests.xctest */;
			productType = "com.apple.product-type.bundle.unit-test";
		};
		813FB44E2D0381CA007FB822 /* felipefirstappUITests */ = {
			isa = PBXNativeTarget;
			buildConfigurationList = 813FB45F2D0381CA007FB822 /* Build configuration list for PBXNativeTarget "felipefirstappUITests" */;
			buildPhases = (
				813FB44B2D0381CA007FB822 /* Sources */,
				813FB44C2D0381CA007FB822 /* Frameworks */,
				813FB44D2D0381CA007FB822 /* Resources */,
			);
			buildRules = (
			);
			dependencies = (
				813FB4512D0381CA007FB822 /* PBXTargetDependency */,
			);
			fileSystemSynchronizedGroups = (
				813FB4522D0381CA007FB822 /* felipefirstappUITests */,
			);
			name = felipefirstappUITests;
			packageProductDependencies = (
			);
			productName = felipefirstappUITests;
			productReference = 813FB44F2D0381CA007FB822 /* felipefirstappUITests.xctest */;
			productType = "com.apple.product-type.bundle.ui-testing";
		};
/* End PBXNativeTarget section */

/* Begin PBXProject section */
		813FB42D2D0381C9007FB822 /* Project object */ = {
			isa = PBXProject;
			attributes = {
				BuildIndependentTargetsInParallel = 1;
				LastSwiftUpdateCheck = 1610;
				LastUpgradeCheck = 1610;
				TargetAttributes = {
					813FB4342D0381C9007FB822 = {
						CreatedOnToolsVersion = 16.1;
					};
					813FB4442D0381CA007FB822 = {
						CreatedOnToolsVersion = 16.1;
						TestTargetID = 813FB4342D0381C9007FB822;
					};
					813FB44E2D0381CA007FB822 = {
						CreatedOnToolsVersion = 16.1;
						TestTargetID = 813FB4342D0381C9007FB822;
					};
				};
			};
			buildConfigurationList = 813FB4302D0381C9007FB822 /* Build configuration list for PBXProject "felipefirstapp" */;
			developmentRegion = en;
			hasScannedForEncodings = 0;
			knownRegions = (
				en,
				Base,
			);
			mainGroup = 813FB42C2D0381C9007FB822;
			minimizedProjectReferenceProxies = 1;
			preferredProjectObjectVersion = 77;
			productRefGroup = 813FB4362D0381C9007FB822 /* Products */;
			projectDirPath = "";
			projectRoot = "";
			targets = (
				813FB4342D0381C9007FB822 /* felipefirstapp */,
				813FB4442D0381CA007FB822 /* felipefirstappTests */,
				813FB44E2D0381CA007FB822 /* felipefirstappUITests */,
			);
		};
/* End PBXProject section */

/* Begin PBXResourcesBuildPhase section */
		813FB4332D0381C9007FB822 /* Resources */ = {
			isa = PBXResourcesBuildPhase;
			buildActionMask = 2147483647;
			files = (
			);
			runOnlyForDeploymentPostprocessing = 0;
		};
		813FB4432D0381CA007FB822 /* Resources */ = {
			isa = PBXResourcesBuildPhase;
			buildActionMask = 2147483647;
			files = (
			);
			runOnlyForDeploymentPostprocessing = 0;
		};
		813FB44D2D0381CA007FB822 /* Resources */ = {
			isa = PBXResourcesBuildPhase;
			buildActionMask = 2147483647;
			files = (
			);
			runOnlyForDeploymentPostprocessing = 0;
		};
/* End PBXResourcesBuildPhase section */

/* Begin PBXSourcesBuildPhase section */
		813FB4312D0381C9007FB822 /* Sources */ = {
			isa = PBXSourcesBuildPhase;
			buildActionMask = 2147483647;
			files = (
			);
			runOnlyForDeploymentPostprocessing = 0;
		};
		813FB4412D0381CA007FB822 /* Sources */ = {
			isa = PBXSourcesBuildPhase;
			buildActionMask = 2147483647;
			files = (
			);
			runOnlyForDeploymentPostprocessing = 0;
		};
		813FB44B2D0381CA007FB822 /* Sources */ = {
			isa = PBXSourcesBuildPhase;
			buildActionMask = 2147483647;
			files = (
			);
			runOnlyForDeploymentPostprocessing = 0;
		};
/* End PBXSourcesBuildPhase section */

/* Begin PBXTargetDependency section */
		813FB4472D0381CA007FB822 /* PBXTargetDependency */ = {
			isa = PBXTargetDependency;
			target = 813FB4342D0381C9007FB822 /* felipefirstapp */;
			targetProxy = 813FB4462D0381CA007FB822 /* PBXContainerItemProxy */;
		};
		813FB4512D0381CA007FB822 /* PBXTargetDependency */ = {
			isa = PBXTargetDependency;
			target = 813FB4342D0381C9007FB822 /* felipefirstapp */;
			targetProxy = 813FB4502D0381CA007FB822 /* PBXContainerItemProxy */;
		};
/* End PBXTargetDependency section */

/* Begin XCBuildConfiguration section */
		813FB4572D0381CA007FB822 /* Debug */ = {
			isa = XCBuildConfiguration;
			buildSettings = {
				ALWAYS_SEARCH_USER_PATHS = NO;
				ASSETCATALOG_COMPILER_GENERATE_SWIFT_ASSET_SYMBOL_EXTENSIONS = YES;
				CLANG_ANALYZER_NONNULL = YES;
				CLANG_ANALYZER_NUMBER_OBJECT_CONVERSION = YES_AGGRESSIVE;
				CLANG_CXX_LANGUAGE_STANDARD = "gnu++20";
				CLANG_ENABLE_MODULES = YES;
				CLANG_ENABLE_OBJC_ARC = YES;
				CLANG_ENABLE_OBJC_WEAK = YES;
				CLANG_WARN_BLOCK_CAPTURE_AUTORELEASING = YES;
				CLANG_WARN_BOOL_CONVERSION = YES;
				CLANG_WARN_COMMA = YES;
				CLANG_WARN_CONSTANT_CONVERSION = YES;
				CLANG_WARN_DEPRECATED_OBJC_IMPLEMENTATIONS = YES;
				CLANG_WARN_DIRECT_OBJC_ISA_USAGE = YES_ERROR;
				CLANG_WARN_DOCUMENTATION_COMMENTS = YES;
				CLANG_WARN_EMPTY_BODY = YES;
				CLANG_WARN_ENUM_CONVERSION = YES;
				CLANG_WARN_INFINITE_RECURSION = YES;
				CLANG_WARN_INT_CONVERSION = YES;
				CLANG_WARN_NON_LITERAL_NULL_CONVERSION = YES;
				CLANG_WARN_OBJC_IMPLICIT_RETAIN_SELF = YES;
				CLANG_WARN_OBJC_LITERAL_CONVERSION = YES;
				CLANG_WARN_OBJC_ROOT_CLASS = YES_ERROR;
				CLANG_WARN_QUOTED_INCLUDE_IN_FRAMEWORK_HEADER = YES;
				CLANG_WARN_RANGE_LOOP_ANALYSIS = YES;
				CLANG_WARN_STRICT_PROTOTYPES = YES;
				CLANG_WARN_SUSPICIOUS_MOVE = YES;
				CLANG_WARN_UNGUARDED_AVAILABILITY = YES_AGGRESSIVE;
				CLANG_WARN_UNREACHABLE_CODE = YES;
				CLANG_WARN__DUPLICATE_METHOD_MATCH = YES;
				COPY_PHASE_STRIP = NO;
				DEBUG_INFORMATION_FORMAT = dwarf;
				ENABLE_STRICT_OBJC_MSGSEND = YES;
				ENABLE_TESTABILITY = YES;
				ENABLE_USER_SCRIPT_SANDBOXING = YES;
				GCC_C_LANGUAGE_STANDARD = gnu17;
				GCC_DYNAMIC_NO_PIC = NO;
				GCC_NO_COMMON_BLOCKS = YES;
				GCC_OPTIMIZATION_LEVEL = 0;
				GCC_PREPROCESSOR_DEFINITIONS = (
					"DEBUG=1",
					"$(inherited)",
				);
				GCC_WARN_64_TO_32_BIT_CONVERSION = YES;
				GCC_WARN_ABOUT_RETURN_TYPE = YES_ERROR;
				GCC_WARN_UNDECLARED_SELECTOR = YES;
				GCC_WARN_UNINITIALIZED_AUTOS = YES_AGGRESSIVE;
				GCC_WARN_UNUSED_FUNCTION = YES;
				GCC_WARN_UNUSED_VARIABLE = YES;
				IPHONEOS_DEPLOYMENT_TARGET = 18.1;
				LOCALIZATION_PREFERS_STRING_CATALOGS = YES;
				MTL_ENABLE_DEBUG_INFO = INCLUDE_SOURCE;
				MTL_FAST_MATH = YES;
				ONLY_ACTIVE_ARCH = YES;
				SDKROOT = iphoneos;
				SWIFT_ACTIVE_COMPILATION_CONDITIONS = "DEBUG $(inherited)";
				SWIFT_OPTIMIZATION_LEVEL = "-Onone";
			};
			name = Debug;
		};
		813FB4582D0381CA007FB822 /* Release */ = {
			isa = XCBuildConfiguration;
			buildSettings = {
				ALWAYS_SEARCH_USER_PATHS = NO;
				ASSETCATALOG_COMPILER_GENERATE_SWIFT_ASSET_SYMBOL_EXTENSIONS = YES;
				CLANG_ANALYZER_NONNULL = YES;
				CLANG_ANALYZER_NUMBER_OBJECT_CONVERSION = YES_AGGRESSIVE;
				CLANG_CXX_LANGUAGE_STANDARD = "gnu++20";
				CLANG_ENABLE_MODULES = YES;
				CLANG_ENABLE_OBJC_ARC = YES;
				CLANG_ENABLE_OBJC_WEAK = YES;
				CLANG_WARN_BLOCK_CAPTURE_AUTORELEASING = YES;
				CLANG_WARN_BOOL_CONVERSION = YES;
				CLANG_WARN_COMMA = YES;
				CLANG_WARN_CONSTANT_CONVERSION = YES;
				CLANG_WARN_DEPRECATED_OBJC_IMPLEMENTATIONS = YES;
				CLANG_WARN_DIRECT_OBJC_ISA_USAGE = YES_ERROR;
				CLANG_WARN_DOCUMENTATION_COMMENTS = YES;
				CLANG_WARN_EMPTY_BODY = YES;
				CLANG_WARN_ENUM_CONVERSION = YES;
				CLANG_WARN_INFINITE_RECURSION = YES;
				CLANG_WARN_INT_CONVERSION = YES;
				CLANG_WARN_NON_LITERAL_NULL_CONVERSION = YES;
				CLANG_WARN_OBJC_IMPLICIT_RETAIN_SELF = YES;
				CLANG_WARN_OBJC_LITERAL_CONVERSION = YES;
				CLANG_WARN_OBJC_ROOT_CLASS = YES_ERROR;
				CLANG_WARN_QUOTED_INCLUDE_IN_FRAMEWORK_HEADER = YES;
				CLANG_WARN_RANGE_LOOP_ANALYSIS = YES;
				CLANG_WARN_STRICT_PROTOTYPES = YES;
				CLANG_WARN_SUSPICIOUS_MOVE = YES;
				CLANG_WARN_UNGUARDED_AVAILABILITY = YES_AGGRESSIVE;
				CLANG_WARN_UNREACHABLE_CODE = YES;
				CLANG_WARN__DUPLICATE_METHOD_MATCH = YES;
				COPY_PHASE_STRIP = NO;
				DEBUG_INFORMATION_FORMAT = "dwarf-with-dsym";
				ENABLE_NS_ASSERTIONS = NO;
				ENABLE_STRICT_OBJC_MSGSEND = YES;
				ENABLE_USER_SCRIPT_SANDBOXING = YES;
				GCC_C_LANGUAGE_STANDARD = gnu17;
				GCC_NO_COMMON_BLOCKS = YES;
				GCC_WARN_64_TO_32_BIT_CONVERSION = YES;
				GCC_WARN_ABOUT_RETURN_TYPE = YES_ERROR;
				GCC_WARN_UNDECLARED_SELECTOR = YES;
				GCC_WARN_UNINITIALIZED_AUTOS = YES_AGGRESSIVE;
				GCC_WARN_UNUSED_FUNCTION = YES;
				GCC_WARN_UNUSED_VARIABLE = YES;
				IPHONEOS_DEPLOYMENT_TARGET = 18.1;
				LOCALIZATION_PREFERS_STRING_CATALOGS = YES;
				MTL_ENABLE_DEBUG_INFO = NO;
				MTL_FAST_MATH = YES;
				SDKROOT = iphoneos;
				SWIFT_COMPILATION_MODE = wholemodule;
				VALIDATE_PRODUCT = YES;
			};
			name = Release;
		};
		813FB45A2D0381CA007FB822 /* Debug */ = {
			isa = XCBuildConfiguration;
			buildSettings = {
				ASSETCATALOG_COMPILER_APPICON_NAME = AppIcon;
				ASSETCATALOG_COMPILER_GLOBAL_ACCENT_COLOR_NAME = AccentColor;
				CODE_SIGN_STYLE = Automatic;
				CURRENT_PROJECT_VERSION = 1;
				DEVELOPMENT_ASSET_PATHS = "\"felipefirstapp/Preview Content\"";
				ENABLE_PREVIEWS = YES;
				GENERATE_INFOPLIST_FILE = YES;
				INFOPLIST_KEY_UIApplicationSceneManifest_Generation = YES;
				INFOPLIST_KEY_UIApplicationSupportsIndirectInputEvents = YES;
				INFOPLIST_KEY_UILaunchScreen_Generation = YES;
				INFOPLIST_KEY_UISupportedInterfaceOrientations_iPad = "UIInterfaceOrientationPortrait UIInterfaceOrientationPortraitUpsideDown UIInterfaceOrientationLandscapeLeft UIInterfaceOrientationLandscapeRight";
				INFOPLIST_KEY_UISupportedInterfaceOrientations_iPhone = "UIInterfaceOrientationPortrait UIInterfaceOrientationLandscapeLeft UIInterfaceOrientationLandscapeRight";
				LD_RUNPATH_SEARCH_PATHS = (
					"$(inherited)",
					"@executable_path/Frameworks",
				);
				MARKETING_VERSION = 1.0;
				PRODUCT_BUNDLE_IDENTIFIER = com.equipe1.felipefirstapp;
				PRODUCT_NAME = "$(TARGET_NAME)";
				SWIFT_EMIT_LOC_STRINGS = YES;
				SWIFT_VERSION = 5.0;
				TARGETED_DEVICE_FAMILY = "1,2";
			};
			name = Debug;
		};
		813FB45B2D0381CA007FB822 /* Release */ = {
			isa = XCBuildConfiguration;
			buildSettings = {
				ASSETCATALOG_COMPILER_APPICON_NAME = AppIcon;
				ASSETCATALOG_COMPILER_GLOBAL_ACCENT_COLOR_NAME = AccentColor;
				CODE_SIGN_STYLE = Automatic;
				CURRENT_PROJECT_VERSION = 1;
				DEVELOPMENT_ASSET_PATHS = "\"felipefirstapp/Preview Content\"";
				ENABLE_PREVIEWS = YES;
				GENERATE_INFOPLIST_FILE = YES;
				INFOPLIST_KEY_UIApplicationSceneManifest_Generation = YES;
				INFOPLIST_KEY_UIApplicationSupportsIndirectInputEvents = YES;
				INFOPLIST_KEY_UILaunchScreen_Generation = YES;
				INFOPLIST_KEY_UISupportedInterfaceOrientations_iPad = "UIInterfaceOrientationPortrait UIInterfaceOrientationPortraitUpsideDown UIInterfaceOrientationLandscapeLeft UIInterfaceOrientationLandscapeRight";
				INFOPLIST_KEY_UISupportedInterfaceOrientations_iPhone = "UIInterfaceOrientationPortrait UIInterfaceOrientationLandscapeLeft UIInterfaceOrientationLandscapeRight";
				LD_RUNPATH_SEARCH_PATHS = (
					"$(inherited)",
					"@executable_path/Frameworks",
				);
				MARKETING_VERSION = 1.0;
				PRODUCT_BUNDLE_IDENTIFIER = com.equipe1.felipefirstapp;
				PRODUCT_NAME = "$(TARGET_NAME)";
				SWIFT_EMIT_LOC_STRINGS = YES;
				SWIFT_VERSION = 5.0;
				TARGETED_DEVICE_FAMILY = "1,2";
			};
			name = Release;
		};
		813FB45D2D0381CA007FB822 /* Debug */ = {
			isa = XCBuildConfiguration;
			buildSettings = {
				BUNDLE_LOADER = "$(TEST_HOST)";
				CODE_SIGN_STYLE = Automatic;
				CURRENT_PROJECT_VERSION = 1;
				GENERATE_INFOPLIST_FILE = YES;
				IPHONEOS_DEPLOYMENT_TARGET = 18.1;
				MARKETING_VERSION = 1.0;
				PRODUCT_BUNDLE_IDENTIFIER = com.equipe1.felipefirstappTests;
				PRODUCT_NAME = "$(TARGET_NAME)";
				SWIFT_EMIT_LOC_STRINGS = NO;
				SWIFT_VERSION = 5.0;
				TARGETED_DEVICE_FAMILY = "1,2";
				TEST_HOST = "$(BUILT_PRODUCTS_DIR)/felipefirstapp.app/$(BUNDLE_EXECUTABLE_FOLDER_PATH)/felipefirstapp";
			};
			name = Debug;
		};
		813FB45E2D0381CA007FB822 /* Release */ = {
			isa = XCBuildConfiguration;
			buildSettings = {
				BUNDLE_LOADER = "$(TEST_HOST)";
				CODE_SIGN_STYLE = Automatic;
				CURRENT_PROJECT_VERSION = 1;
				GENERATE_INFOPLIST_FILE = YES;
				IPHONEOS_DEPLOYMENT_TARGET = 18.1;
				MARKETING_VERSION = 1.0;
				PRODUCT_BUNDLE_IDENTIFIER = com.equipe1.felipefirstappTests;
				PRODUCT_NAME = "$(TARGET_NAME)";
				SWIFT_EMIT_LOC_STRINGS = NO;
				SWIFT_VERSION = 5.0;
				TARGETED_DEVICE_FAMILY = "1,2";
				TEST_HOST = "$(BUILT_PRODUCTS_DIR)/felipefirstapp.app/$(BUNDLE_EXECUTABLE_FOLDER_PATH)/felipefirstapp";
			};
			name = Release;
		};
		813FB4602D0381CA007FB822 /* Debug */ = {
			isa = XCBuildConfiguration;
			buildSettings = {
				CODE_SIGN_STYLE = Automatic;
				CURRENT_PROJECT_VERSION = 1;
				GENERATE_INFOPLIST_FILE = YES;
				MARKETING_VERSION = 1.0;
				PRODUCT_BUNDLE_IDENTIFIER = com.equipe1.felipefirstappUITests;
				PRODUCT_NAME = "$(TARGET_NAME)";
				SWIFT_EMIT_LOC_STRINGS = NO;
				SWIFT_VERSION = 5.0;
				TARGETED_DEVICE_FAMILY = "1,2";
				TEST_TARGET_NAME = felipefirstapp;
			};
			name = Debug;
		};
		813FB4612D0381CA007FB822 /* Release */ = {
			isa = XCBuildConfiguration;
			buildSettings = {
				CODE_SIGN_STYLE = Automatic;
				CURRENT_PROJECT_VERSION = 1;
				GENERATE_INFOPLIST_FILE = YES;
				MARKETING_VERSION = 1.0;
				PRODUCT_BUNDLE_IDENTIFIER = com.equipe1.felipefirstappUITests;
				PRODUCT_NAME = "$(TARGET_NAME)";
				SWIFT_EMIT_LOC_STRINGS = NO;
				SWIFT_VERSION = 5.0;
				TARGETED_DEVICE_FAMILY = "1,2";
				TEST_TARGET_NAME = felipefirstapp;
			};
			name = Release;
		};
/* End XCBuildConfiguration section */

/* Begin XCConfigurationList section */
		813FB4302D0381C9007FB822 /* Build configuration list for PBXProject "felipefirstapp" */ = {
			isa = XCConfigurationList;
			buildConfigurations = (
				813FB4572D0381CA007FB822 /* Debug */,
				813FB4582D0381CA007FB822 /* Release */,
			);
			defaultConfigurationIsVisible = 0;
			defaultConfigurationName = Release;
		};
		813FB4592D0381CA007FB822 /* Build configuration list for PBXNativeTarget "felipefirstapp" */ = {
			isa = XCConfigurationList;
			buildConfigurations = (
				813FB45A2D0381CA007FB822 /* Debug */,
				813FB45B2D0381CA007FB822 /* Release */,
			);
			defaultConfigurationIsVisible = 0;
			defaultConfigurationName = Release;
		};
		813FB45C2D0381CA007FB822 /* Build configuration list for PBXNativeTarget "felipefirstappTests" */ = {
			isa = XCConfigurationList;
			buildConfigurations = (
				813FB45D2D0381CA007FB822 /* Debug */,
				813FB45E2D0381CA007FB822 /* Release */,
			);
			defaultConfigurationIsVisible = 0;
			defaultConfigurationName = Release;
		};
		813FB45F2D0381CA007FB822 /* Build configuration list for PBXNativeTarget "felipefirstappUITests" */ = {
			isa = XCConfigurationList;
			buildConfigurations = (
				813FB4602D0381CA007FB822 /* Debug */,
				813FB4612D0381CA007FB822 /* Release */,
			);
			defaultConfigurationIsVisible = 0;
			defaultConfigurationName = Release;
		};
/* End XCConfigurationList section */
	};
	rootObject = 813FB42D2D0381C9007FB822 /* Project object */;
}
